
Microsoft Visual Studio Solution File, Format Version 12.00
# Visual Studio 2013
VisualStudioVersion = 12.0.21005.1
MinimumVisualStudioVersion = 10.0.40219.1
Project("{FAE04EC0-301F-11D3-BF4B-00C04F79EFBC}") = "线程池", "线程池\线程池.csproj", "{45191E3E-CF9A-4292-8AC4-F27073A001EF}"
EndProject
Global
	GlobalSection(SolutionConfigurationPlatforms) = preSolution
		Debug|Any CPU = Debug|Any CPU
		Release|Any CPU = Release|Any CPU
	EndGlobalSection
	GlobalSection(ProjectConfigurationPlatforms) = postSolution
		{45191E3E-CF9A-4292-8AC4-F27073A001EF}.Debug|Any CPU.ActiveCfg = Debug|Any CPU
		{45191E3E-CF9A-4292-8AC4-F27073A001EF}.Debug|Any CPU.Build.0 = Debug|Any CPU
		{45191E3E-CF9A-4292-8AC4-F27073A001EF}.Release|Any CPU.ActiveCfg = Release|Any CPU
		{45191E3E-CF9A-4292-8AC4-F27073A001EF}.Release|Any CPU.Build.0 = Release|Any CPU
	EndGlobalSection
	GlobalSection(SolutionProperties) = preSolution
		HideSolutionNode = FALSE
	EndGlobalSection
EndGlobal
