
Microsoft Visual Studio Solution File, Format Version 12.00
# Visual Studio 2013
VisualStudioVersion = 12.0.21005.1
MinimumVisualStudioVersion = 10.0.40219.1
Project("{FAE04EC0-301F-11D3-BF4B-00C04F79EFBC}") = "Builder生成器模式", "Builder生成器模式\Builder生成器模式.csproj", "{6EC286B9-202B-4ED8-80B4-4F6890A2FEC9}"
EndProject
Global
	GlobalSection(SolutionConfigurationPlatforms) = preSolution
		Debug|Any CPU = Debug|Any CPU
		Release|Any CPU = Release|Any CPU
	EndGlobalSection
	GlobalSection(ProjectConfigurationPlatforms) = postSolution
		{6EC286B9-202B-4ED8-80B4-4F6890A2FEC9}.Debug|Any CPU.ActiveCfg = Debug|Any CPU
		{6EC286B9-202B-4ED8-80B4-4F6890A2FEC9}.Debug|Any CPU.Build.0 = Debug|Any CPU
		{6EC286B9-202B-4ED8-80B4-4F6890A2FEC9}.Release|Any CPU.ActiveCfg = Release|Any CPU
		{6EC286B9-202B-4ED8-80B4-4F6890A2FEC9}.Release|Any CPU.Build.0 = Release|Any CPU
	EndGlobalSection
	GlobalSection(SolutionProperties) = preSolution
		HideSolutionNode = FALSE
	EndGlobalSection
EndGlobal
