
Microsoft Visual Studio Solution File, Format Version 12.00
# Visual Studio 2013
VisualStudioVersion = 12.0.21005.1
MinimumVisualStudioVersion = 10.0.40219.1
Project("{FAE04EC0-301F-11D3-BF4B-00C04F79EFBC}") = "Socket编程_UDP服务器", "Socket编程_UDP服务器\Socket编程_UDP服务器.csproj", "{EA0896BC-167A-4C41-801B-9062F31E730C}"
EndProject
Global
	GlobalSection(SolutionConfigurationPlatforms) = preSolution
		Debug|Any CPU = Debug|Any CPU
		Release|Any CPU = Release|Any CPU
	EndGlobalSection
	GlobalSection(ProjectConfigurationPlatforms) = postSolution
		{EA0896BC-167A-4C41-801B-9062F31E730C}.Debug|Any CPU.ActiveCfg = Debug|Any CPU
		{EA0896BC-167A-4C41-801B-9062F31E730C}.Debug|Any CPU.Build.0 = Debug|Any CPU
		{EA0896BC-167A-4C41-801B-9062F31E730C}.Release|Any CPU.ActiveCfg = Release|Any CPU
		{EA0896BC-167A-4C41-801B-9062F31E730C}.Release|Any CPU.Build.0 = Release|Any CPU
	EndGlobalSection
	GlobalSection(SolutionProperties) = preSolution
		HideSolutionNode = FALSE
	EndGlobalSection
EndGlobal
